
Microsoft Visual Studio Solution File, Format Version 12.00
# Visual Studio Version 17
VisualStudioVersion = 17.8.34525.116
MinimumVisualStudioVersion = 10.0.40219.1
Project("{FAE04EC0-301F-11D3-BF4B-00C04F79EFBC}") = "C#_part2_a", "C#_part2_a\C#_part2_a.csproj", "{DBC02F3B-E078-4623-A544-E09FD7628012}"
EndProject
Global
	GlobalSection(SolutionConfigurationPlatforms) = preSolution
		Debug|Any CPU = Debug|Any CPU
		Release|Any CPU = Release|Any CPU
	EndGlobalSection
	GlobalSection(ProjectConfigurationPlatforms) = postSolution
		{DBC02F3B-E078-4623-A544-E09FD7628012}.Debug|Any CPU.ActiveCfg = Debug|Any CPU
		{DBC02F3B-E078-4623-A544-E09FD7628012}.Debug|Any CPU.Build.0 = Debug|Any CPU
		{DBC02F3B-E078-4623-A544-E09FD7628012}.Release|Any CPU.ActiveCfg = Release|Any CPU
		{DBC02F3B-E078-4623-A544-E09FD7628012}.Release|Any CPU.Build.0 = Release|Any CPU
	EndGlobalSection
	GlobalSection(SolutionProperties) = preSolution
		HideSolutionNode = FALSE
	EndGlobalSection
	GlobalSection(ExtensibilityGlobals) = postSolution
		SolutionGuid = {92829536-672B-427B-8EB0-B003591C2390}
	EndGlobalSection
EndGlobal
